
Microsoft Visual Studio Solution File, Format Version 12.00
# Visual Studio Version 17
VisualStudioVersion = 17.5.002.0
MinimumVisualStudioVersion = 10.0.40219.1
Project("{9A19103F-16F7-4668-BE54-9A1E7A4F7556}") = "AirVinyl", "AirVinyl\AirVinyl.csproj", "{5C97BDBD-4B3A-4F79-A87D-471F009B215F}"
EndProject
Global
	GlobalSection(SolutionConfigurationPlatforms) = preSolution
		Debug|Any CPU = Debug|Any CPU
		Release|Any CPU = Release|Any CPU
	EndGlobalSection
	GlobalSection(ProjectConfigurationPlatforms) = postSolution
		{5C97BDBD-4B3A-4F79-A87D-471F009B215F}.Debug|Any CPU.ActiveCfg = Debug|Any CPU
		{5C97BDBD-4B3A-4F79-A87D-471F009B215F}.Debug|Any CPU.Build.0 = Debug|Any CPU
		{5C97BDBD-4B3A-4F79-A87D-471F009B215F}.Release|Any CPU.ActiveCfg = Release|Any CPU
		{5C97BDBD-4B3A-4F79-A87D-471F009B215F}.Release|Any CPU.Build.0 = Release|Any CPU
	EndGlobalSection
	GlobalSection(SolutionProperties) = preSolution
		HideSolutionNode = FALSE
	EndGlobalSection
	GlobalSection(ExtensibilityGlobals) = postSolution
		SolutionGuid = {6FBEA935-191C-416B-A015-EB59C7ABA4B4}
	EndGlobalSection
EndGlobal
